[[package]]
category = "main"
description = "Fast and simple WSGI-framework for small web-applications."
name = "bottle"
optional = false
python-versions = "*"
version = "0.12.16"

[[package]]
category = "main"
description = "WebSockets for bottle"
name = "bottle-websocket"
optional = false
python-versions = "*"
version = "0.2.9"

[package.dependencies]
bottle = "*"
gevent-websocket = "*"

[[package]]
category = "main"
description = "Foreign Function Interface for Python calling C code."
marker = "sys_platform == \"win32\" and platform_python_implementation == \"CPython\""
name = "cffi"
optional = false
python-versions = "*"
version = "1.12.3"

[package.dependencies]
pycparser = "*"

[[package]]
category = "main"
description = "Clean single-source support for Python 3 and 2"
name = "future"
optional = false
python-versions = ">=2.6, !=3.0.*, !=3.1.*, !=3.2.*"
version = "0.17.1"

[[package]]
category = "main"
description = "Coroutine-based network library"
name = "gevent"
optional = false
python-versions = ">=2.7,!=3.0.*,!=3.1.*,!=3.2.*,!=3.3.*"
version = "1.4.0"

[package.dependencies]
cffi = ">=1.11.5"
greenlet = ">=0.4.14"

[package.extras]
dnspython = ["dnspython", "idna"]
doc = ["repoze.sphinx.autointerface"]
events = ["zope.event", "zope.interface"]
test = ["zope.interface", "zope.event", "requests", "objgraph", "psutil", "futures", "mock", "coverage (>=5.0a3)", "coveralls (>=1.0)"]

[[package]]
category = "main"
description = "Websocket handler for the gevent pywsgi server, a Python network library"
name = "gevent-websocket"
optional = false
python-versions = "*"
version = "0.10.1"

[package.dependencies]
gevent = "*"

[[package]]
category = "main"
description = "Lightweight in-process concurrent programming"
marker = "platform_python_implementation == \"CPython\""
name = "greenlet"
optional = false
python-versions = "*"
version = "0.4.15"

[[package]]
category = "main"
description = "C parser in Python"
marker = "sys_platform == \"win32\" and platform_python_implementation == \"CPython\""
name = "pycparser"
optional = false
python-versions = "*"
version = "2.19"

[[package]]
category = "main"
description = "This package provides cross-platform cross-python shutil.which functionality."
name = "whichcraft"
optional = false
python-versions = "*"
version = "0.5.2"

[metadata]
content-hash = "aac9003a43abccac2dbaa5db39d23208fa5d2560c984c848babeecf477891925"
python-versions = "^3.7"

[metadata.hashes]
bottle = ["9c310da61e7df2b6ac257d8a90811899ccb3a9743e77e947101072a2e3186726", "ca43beafbdccabbe31b758a4f34d1e44985a9b9539516775208b2b0f903eafa0"]
bottle-websocket = ["9887f70dc0c7592ed8d0d11a14aa95dede6cd08d50d83d5b81fd963e5fec738b"]
cffi = ["041c81822e9f84b1d9c401182e174996f0bae9991f33725d059b771744290774", "046ef9a22f5d3eed06334d01b1e836977eeef500d9b78e9ef693f9380ad0b83d", "066bc4c7895c91812eff46f4b1c285220947d4aa46fa0a2651ff85f2afae9c90", "066c7ff148ae33040c01058662d6752fd73fbc8e64787229ea8498c7d7f4041b", "2444d0c61f03dcd26dbf7600cf64354376ee579acad77aef459e34efcb438c63", "300832850b8f7967e278870c5d51e3819b9aad8f0a2c8dbe39ab11f119237f45", "34c77afe85b6b9e967bd8154e3855e847b70ca42043db6ad17f26899a3df1b25", "46de5fa00f7ac09f020729148ff632819649b3e05a007d286242c4882f7b1dc3", "4aa8ee7ba27c472d429b980c51e714a24f47ca296d53f4d7868075b175866f4b", "4d0004eb4351e35ed950c14c11e734182591465a33e960a4ab5e8d4f04d72647", "4e3d3f31a1e202b0f5a35ba3bc4eb41e2fc2b11c1eff38b362de710bcffb5016", "50bec6d35e6b1aaeb17f7c4e2b9374ebf95a8975d57863546fa83e8d31bdb8c4", "55cad9a6df1e2a1d62063f79d0881a414a906a6962bc160ac968cc03ed3efcfb", "5662ad4e4e84f1eaa8efce5da695c5d2e229c563f9d5ce5b0113f71321bcf753", "59b4dc008f98fc6ee2bb4fd7fc786a8d70000d058c2bbe2698275bc53a8d3fa7", "73e1ffefe05e4ccd7bcea61af76f36077b914f92b76f95ccf00b0c1b9186f3f9", "a1f0fd46eba2d71ce1589f7e50a9e2ffaeb739fb2c11e8192aa2b45d5f6cc41f", "a2e85dc204556657661051ff4bab75a84e968669765c8a2cd425918699c3d0e8", "a5457d47dfff24882a21492e5815f891c0ca35fefae8aa742c6c263dac16ef1f", "a8dccd61d52a8dae4a825cdbb7735da530179fea472903eb871a5513b5abbfdc", "ae61af521ed676cf16ae94f30fe202781a38d7178b6b4ab622e4eec8cefaff42", "b012a5edb48288f77a63dba0840c92d0504aa215612da4541b7b42d849bc83a3", "d2c5cfa536227f57f97c92ac30c8109688ace8fa4ac086d19d0af47d134e2909", "d42b5796e20aacc9d15e66befb7a345454eef794fdb0737d1af593447c6c8f45", "dee54f5d30d775f525894d67b1495625dd9322945e7fee00731952e0368ff42d", "e070535507bd6aa07124258171be2ee8dfc19119c28ca94c9dfb7efd23564512", "e1ff2748c84d97b065cc95429814cdba39bcbd77c9c85c89344b317dc0d9cbff", "ed851c75d1e0e043cbf5ca9a8e1b13c4c90f3fbd863dacb01c0808e2b5204201"]
future = ["67045236dcfd6816dc439556d009594abf643e5eb48992e36beac09c2ca659b8"]
gevent = ["0774babec518a24d9a7231d4e689931f31b332c4517a771e532002614e270a64", "0e1e5b73a445fe82d40907322e1e0eec6a6745ca3cea19291c6f9f50117bb7ea", "0ff2b70e8e338cf13bedf146b8c29d475e2a544b5d1fe14045aee827c073842c", "107f4232db2172f7e8429ed7779c10f2ed16616d75ffbe77e0e0c3fcdeb51a51", "14b4d06d19d39a440e72253f77067d27209c67e7611e352f79fe69e0f618f76e", "1b7d3a285978b27b469c0ff5fb5a72bcd69f4306dbbf22d7997d83209a8ba917", "1eb7fa3b9bd9174dfe9c3b59b7a09b768ecd496debfc4976a9530a3e15c990d1", "2711e69788ddb34c059a30186e05c55a6b611cb9e34ac343e69cf3264d42fe1c", "28a0c5417b464562ab9842dd1fb0cc1524e60494641d973206ec24d6ec5f6909", "3249011d13d0c63bea72d91cec23a9cf18c25f91d1f115121e5c9113d753fa12", "44089ed06a962a3a70e96353c981d628b2d4a2f2a75ea5d90f916a62d22af2e8", "4bfa291e3c931ff3c99a349d8857605dca029de61d74c6bb82bd46373959c942", "50024a1ee2cf04645535c5ebaeaa0a60c5ef32e262da981f4be0546b26791950", "53b72385857e04e7faca13c613c07cab411480822ac658d97fd8a4ddbaf715c8", "74b7528f901f39c39cdbb50cdf08f1a2351725d9aebaef212a29abfbb06895ee", "7d0809e2991c9784eceeadef01c27ee6a33ca09ebba6154317a257353e3af922", "896b2b80931d6b13b5d9feba3d4eebc67d5e6ec54f0cf3339d08487d55d93b0e", "8d9ec51cc06580f8c21b41fd3f2b3465197ba5b23c00eb7d422b7ae0380510b0", "9f7a1e96fec45f70ad364e46de32ccacab4d80de238bd3c2edd036867ccd48ad", "ab4dc33ef0e26dc627559786a4fba0c2227f125db85d970abbf85b77506b3f51", "d1e6d1f156e999edab069d79d890859806b555ce4e4da5b6418616322f0a3df1", "d752bcf1b98174780e2317ada12013d612f05116456133a6acf3e17d43b71f05", "e5bcc4270671936349249d26140c267397b7b4b1381f5ec8b13c53c5b53ab6e1"]
gevent-websocket = ["17b67d91282f8f4c973eba0551183fc84f56f1c90c8f6b6b30256f31f66f5242", "7eaef32968290c9121f7c35b973e2cc302ffb076d018c9068d2f5ca8b2d85fb0"]
greenlet = ["000546ad01e6389e98626c1367be58efa613fa82a1be98b0c6fc24b563acc6d0", "0d48200bc50cbf498716712129eef819b1729339e34c3ae71656964dac907c28", "23d12eacffa9d0f290c0fe0c4e81ba6d5f3a5b7ac3c30a5eaf0126bf4deda5c8", "37c9ba82bd82eb6a23c2e5acc03055c0e45697253b2393c9a50cef76a3985304", "51503524dd6f152ab4ad1fbd168fc6c30b5795e8c70be4410a64940b3abb55c0", "8041e2de00e745c0e05a502d6e6db310db7faa7c979b3a5877123548a4c0b214", "81fcd96a275209ef117e9ec91f75c731fa18dcfd9ffaa1c0adbdaa3616a86043", "853da4f9563d982e4121fed8c92eea1a4594a2299037b3034c3c898cb8e933d6", "8b4572c334593d449113f9dc8d19b93b7b271bdbe90ba7509eb178923327b625", "9416443e219356e3c31f1f918a91badf2e37acf297e2fa13d24d1cc2380f8fbc", "9854f612e1b59ec66804931df5add3b2d5ef0067748ea29dc60f0efdcda9a638", "99a26afdb82ea83a265137a398f570402aa1f2b5dfb4ac3300c026931817b163", "a19bf883b3384957e4a4a13e6bd1ae3d85ae87f4beb5957e35b0be287f12f4e4", "a9f145660588187ff835c55a7d2ddf6abfc570c2651c276d3d4be8a2766db490", "ac57fcdcfb0b73bb3203b58a14501abb7e5ff9ea5e2edfa06bb03035f0cff248", "bcb530089ff24f6458a81ac3fa699e8c00194208a724b644ecc68422e1111939", "beeabe25c3b704f7d56b573f7d2ff88fc99f0138e43480cecdfcaa3b87fe4f87", "d634a7ea1fc3380ff96f9e44d8d22f38418c1c381d5fac680b272d7d90883720", "d97b0661e1aead761f0ded3b769044bb00ed5d33e1ec865e891a8b128bf7c656"]
pycparser = ["a988718abfad80b6b157acce7bf130a30876d27603738ac39f140993246b25b3"]
whichcraft = ["7533870f751901a0ce43c93cc9850186e9eba7fe58c924dfb435968ba9c9fa4e", "fecddd531f237ffc5db8b215409afb18fa30300699064cca4817521b4fc81815"]
